
Microsoft Visual Studio Solution File, Format Version 12.00
# Visual Studio 15
VisualStudioVersion = 15.0.27130.2024
MinimumVisualStudioVersion = 10.0.40219.1
Project("{FAE04EC0-301F-11D3-BF4B-00C04F79EFBC}") = "BerrasBio_Lab3", "BerrasBio_Lab3\BerrasBio_Lab3.csproj", "{7B747E0F-8A04-4F0F-B64A-354B45F51BBC}"
EndProject
Global
	GlobalSection(SolutionConfigurationPlatforms) = preSolution
		Debug|Any CPU = Debug|Any CPU
		Release|Any CPU = Release|Any CPU
	EndGlobalSection
	GlobalSection(ProjectConfigurationPlatforms) = postSolution
		{7B747E0F-8A04-4F0F-B64A-354B45F51BBC}.Debug|Any CPU.ActiveCfg = Debug|Any CPU
		{7B747E0F-8A04-4F0F-B64A-354B45F51BBC}.Debug|Any CPU.Build.0 = Debug|Any CPU
		{7B747E0F-8A04-4F0F-B64A-354B45F51BBC}.Release|Any CPU.ActiveCfg = Release|Any CPU
		{7B747E0F-8A04-4F0F-B64A-354B45F51BBC}.Release|Any CPU.Build.0 = Release|Any CPU
	EndGlobalSection
	GlobalSection(SolutionProperties) = preSolution
		HideSolutionNode = FALSE
	EndGlobalSection
	GlobalSection(ExtensibilityGlobals) = postSolution
		SolutionGuid = {6345DFCE-32C6-4E0F-8AD9-B615B438797C}
	EndGlobalSection
EndGlobal
